
Microsoft Visual Studio Solution File, Format Version 12.00
# Visual Studio 15
VisualStudioVersion = 15.0.28307.168
MinimumVisualStudioVersion = 10.0.40219.1
Project("{FAE04EC0-301F-11D3-BF4B-00C04F79EFBC}") = "ConsoleApp4", "ConsoleApp4\ConsoleApp4.csproj", "{FD8035F3-C284-40E9-931D-456FCAD30016}"
EndProject
Global
	GlobalSection(SolutionConfigurationPlatforms) = preSolution
		Debug|Any CPU = Debug|Any CPU
		Release|Any CPU = Release|Any CPU
	EndGlobalSection
	GlobalSection(ProjectConfigurationPlatforms) = postSolution
		{FD8035F3-C284-40E9-931D-456FCAD30016}.Debug|Any CPU.ActiveCfg = Debug|Any CPU
		{FD8035F3-C284-40E9-931D-456FCAD30016}.Debug|Any CPU.Build.0 = Debug|Any CPU
		{FD8035F3-C284-40E9-931D-456FCAD30016}.Release|Any CPU.ActiveCfg = Release|Any CPU
		{FD8035F3-C284-40E9-931D-456FCAD30016}.Release|Any CPU.Build.0 = Release|Any CPU
	EndGlobalSection
	GlobalSection(SolutionProperties) = preSolution
		HideSolutionNode = FALSE
	EndGlobalSection
	GlobalSection(ExtensibilityGlobals) = postSolution
		SolutionGuid = {B7B17698-5234-4F32-A1BF-45BCEF489D96}
	EndGlobalSection
EndGlobal
